// !$*UTF8*$!
{
	archiveVersion = 1;
	classes = {
	};
	objectVersion = 46;
	objects = {

/* Begin PBXBuildFile section */
		0890DCE71DE6C1AB007FD3B5 /* CoreDataManager.swift in Sources */ = {isa = PBXBuildFile; fileRef = 0890DCE61DE6C1AB007FD3B5 /* CoreDataManager.swift */; };
		0890DCE91DE6C1ED007FD3B5 /* DataStored.swift in Sources */ = {isa = PBXBuildFile; fileRef = 0890DCE81DE6C1ED007FD3B5 /* DataStored.swift */; };
		0890DCEB1DE6C2BF007FD3B5 /* CheckValidateTextField.swift in Sources */ = {isa = PBXBuildFile; fileRef = 0890DCEA1DE6C2BF007FD3B5 /* CheckValidateTextField.swift */; };
		0890DCED1DE6EF35007FD3B5 /* UserManager.swift in Sources */ = {isa = PBXBuildFile; fileRef = 0890DCEC1DE6EF35007FD3B5 /* UserManager.swift */; };
		089491571DEBD35A00619E11 /* AddTransaction.storyboard in Resources */ = {isa = PBXBuildFile; fileRef = 089491561DEBD35A00619E11 /* AddTransaction.storyboard */; };
		089491591DEBD3BA00619E11 /* AddTransactionViewController.swift in Sources */ = {isa = PBXBuildFile; fileRef = 089491581DEBD3BA00619E11 /* AddTransactionViewController.swift */; };
		089491611DEC122600619E11 /* ViewAddTransaction.swift in Sources */ = {isa = PBXBuildFile; fileRef = 089491601DEC122600619E11 /* ViewAddTransaction.swift */; };
		089491631DEC28F800619E11 /* CustomDate.swift in Sources */ = {isa = PBXBuildFile; fileRef = 089491621DEC28F800619E11 /* CustomDate.swift */; };
		08F652891DED5780008A116D /* AmountCell.swift in Sources */ = {isa = PBXBuildFile; fileRef = 08F652851DED5780008A116D /* AmountCell.swift */; };
		08F6528A1DED5780008A116D /* CategoryCell.swift in Sources */ = {isa = PBXBuildFile; fileRef = 08F652861DED5780008A116D /* CategoryCell.swift */; };
		08F6528C1DED57FD008A116D /* NoteCell.swift in Sources */ = {isa = PBXBuildFile; fileRef = 08F6528B1DED57FD008A116D /* NoteCell.swift */; };
		08F6528E1DED5828008A116D /* DateCell.swift in Sources */ = {isa = PBXBuildFile; fileRef = 08F6528D1DED5828008A116D /* DateCell.swift */; };
		08F652901DED583D008A116D /* WalletCell.swift in Sources */ = {isa = PBXBuildFile; fileRef = 08F6528F1DED583D008A116D /* WalletCell.swift */; };
		08F652921DED585B008A116D /* LocationCell.swift in Sources */ = {isa = PBXBuildFile; fileRef = 08F652911DED585B008A116D /* LocationCell.swift */; };
		08F652941DED586A008A116D /* PhotoCell.swift in Sources */ = {isa = PBXBuildFile; fileRef = 08F652931DED586A008A116D /* PhotoCell.swift */; };
		08F652961DED5F2E008A116D /* EmptyCell.swift in Sources */ = {isa = PBXBuildFile; fileRef = 08F652951DED5F2E008A116D /* EmptyCell.swift */; };
		08F652981DED5F3F008A116D /* EmptyCell1.swift in Sources */ = {isa = PBXBuildFile; fileRef = 08F652971DED5F3F008A116D /* EmptyCell1.swift */; };
		08F6529A1DED5F48008A116D /* EmptyCell2.swift in Sources */ = {isa = PBXBuildFile; fileRef = 08F652991DED5F48008A116D /* EmptyCell2.swift */; };
		08F6529C1DED5F51008A116D /* EmptyCell3.swift in Sources */ = {isa = PBXBuildFile; fileRef = 08F6529B1DED5F51008A116D /* EmptyCell3.swift */; };
		08F6529E1DED5F5A008A116D /* EmptyCell4.swift in Sources */ = {isa = PBXBuildFile; fileRef = 08F6529D1DED5F5A008A116D /* EmptyCell4.swift */; };
		142D3F531DE58C40007E2C77 /* SplashScreen.swift in Sources */ = {isa = PBXBuildFile; fileRef = 142D3F521DE58C40007E2C77 /* SplashScreen.swift */; };
		144FEF571DE6C13D0078BAB4 /* GoogleService-Info.plist in Resources */ = {isa = PBXBuildFile; fileRef = 144FEF561DE6C13D0078BAB4 /* GoogleService-Info.plist */; };
		144FEF5A1DE6C88E0078BAB4 /* LoadingIndicatorView.swift in Sources */ = {isa = PBXBuildFile; fileRef = 144FEF591DE6C88E0078BAB4 /* LoadingIndicatorView.swift */; };
		1459356A1DE674B6004BC748 /* RegisterViewController.swift in Sources */ = {isa = PBXBuildFile; fileRef = 145935691DE674B6004BC748 /* RegisterViewController.swift */; };
		1459356C1DE68A1D004BC748 /* CustomView.swift in Sources */ = {isa = PBXBuildFile; fileRef = 1459356B1DE68A1D004BC748 /* CustomView.swift */; };
		145935751DE68A82004BC748 /* Category+CoreDataClass.swift in Sources */ = {isa = PBXBuildFile; fileRef = 1459356D1DE68A82004BC748 /* Category+CoreDataClass.swift */; };
		145935761DE68A82004BC748 /* Category+CoreDataProperties.swift in Sources */ = {isa = PBXBuildFile; fileRef = 1459356E1DE68A82004BC748 /* Category+CoreDataProperties.swift */; };
		145935771DE68A82004BC748 /* Transaction+CoreDataClass.swift in Sources */ = {isa = PBXBuildFile; fileRef = 1459356F1DE68A82004BC748 /* Transaction+CoreDataClass.swift */; };
		145935781DE68A82004BC748 /* Transaction+CoreDataProperties.swift in Sources */ = {isa = PBXBuildFile; fileRef = 145935701DE68A82004BC748 /* Transaction+CoreDataProperties.swift */; };
		145935791DE68A82004BC748 /* User+CoreDataClass.swift in Sources */ = {isa = PBXBuildFile; fileRef = 145935711DE68A82004BC748 /* User+CoreDataClass.swift */; };
		1459357A1DE68A82004BC748 /* User+CoreDataProperties.swift in Sources */ = {isa = PBXBuildFile; fileRef = 145935721DE68A82004BC748 /* User+CoreDataProperties.swift */; };
		1459357B1DE68A82004BC748 /* Wallet+CoreDataClass.swift in Sources */ = {isa = PBXBuildFile; fileRef = 145935731DE68A82004BC748 /* Wallet+CoreDataClass.swift */; };
		1459357C1DE68A82004BC748 /* Wallet+CoreDataProperties.swift in Sources */ = {isa = PBXBuildFile; fileRef = 145935741DE68A82004BC748 /* Wallet+CoreDataProperties.swift */; };
		14DA31301DE41EF7003D8390 /* AppDelegate.swift in Sources */ = {isa = PBXBuildFile; fileRef = 14DA31201DE41EF7003D8390 /* AppDelegate.swift */; };
		14DA31311DE41EF7003D8390 /* LoginViewController.swift in Sources */ = {isa = PBXBuildFile; fileRef = 14DA31221DE41EF7003D8390 /* LoginViewController.swift */; };
		14DA31321DE41EF7003D8390 /* MoneyLover.xcdatamodeld in Sources */ = {isa = PBXBuildFile; fileRef = 14DA31251DE41EF7003D8390 /* MoneyLover.xcdatamodeld */; };
		14DA31361DE42048003D8390 /* Assets.xcassets in Resources */ = {isa = PBXBuildFile; fileRef = 14DA31281DE41EF7003D8390 /* Assets.xcassets */; };
		14DA31371DE4204D003D8390 /* LaunchScreen.storyboard in Resources */ = {isa = PBXBuildFile; fileRef = 14DA312A1DE41EF7003D8390 /* LaunchScreen.storyboard */; };
		14DA31381DE42051003D8390 /* Login.storyboard in Resources */ = {isa = PBXBuildFile; fileRef = 14DA312C1DE41EF7003D8390 /* Login.storyboard */; };
		63B5A25958366B30C7FBC38B /* Pods_MoneyLover.framework in Frameworks */ = {isa = PBXBuildFile; fileRef = CAE78369883E11E8330BD0E1 /* Pods_MoneyLover.framework */; };
		A83E6E1F1DEC7D260075D90E /* CustomUICorlor.swift in Sources */ = {isa = PBXBuildFile; fileRef = A83E6E1E1DEC7D260075D90E /* CustomUICorlor.swift */; };
/* End PBXBuildFile section */

/* Begin PBXFileReference section */
		0890DCE61DE6C1AB007FD3B5 /* CoreDataManager.swift */ = {isa = PBXFileReference; fileEncoding = 4; lastKnownFileType = sourcecode.swift; path = CoreDataManager.swift; sourceTree = "<group>"; };
		0890DCE81DE6C1ED007FD3B5 /* DataStored.swift */ = {isa = PBXFileReference; fileEncoding = 4; lastKnownFileType = sourcecode.swift; path = DataStored.swift; sourceTree = "<group>"; };
		0890DCEA1DE6C2BF007FD3B5 /* CheckValidateTextField.swift */ = {isa = PBXFileReference; fileEncoding = 4; lastKnownFileType = sourcecode.swift; path = CheckValidateTextField.swift; sourceTree = "<group>"; };
		0890DCEC1DE6EF35007FD3B5 /* UserManager.swift */ = {isa = PBXFileReference; fileEncoding = 4; lastKnownFileType = sourcecode.swift; path = UserManager.swift; sourceTree = "<group>"; };
		089491561DEBD35A00619E11 /* AddTransaction.storyboard */ = {isa = PBXFileReference; fileEncoding = 4; lastKnownFileType = file.storyboard; path = AddTransaction.storyboard; sourceTree = "<group>"; };
		089491581DEBD3BA00619E11 /* AddTransactionViewController.swift */ = {isa = PBXFileReference; fileEncoding = 4; lastKnownFileType = sourcecode.swift; path = AddTransactionViewController.swift; sourceTree = "<group>"; };
		089491601DEC122600619E11 /* ViewAddTransaction.swift */ = {isa = PBXFileReference; fileEncoding = 4; lastKnownFileType = sourcecode.swift; path = ViewAddTransaction.swift; sourceTree = "<group>"; };
		089491621DEC28F800619E11 /* CustomDate.swift */ = {isa = PBXFileReference; fileEncoding = 4; lastKnownFileType = sourcecode.swift; path = CustomDate.swift; sourceTree = "<group>"; };
		08F652851DED5780008A116D /* AmountCell.swift */ = {isa = PBXFileReference; fileEncoding = 4; lastKnownFileType = sourcecode.swift; path = AmountCell.swift; sourceTree = "<group>"; };
		08F652861DED5780008A116D /* CategoryCell.swift */ = {isa = PBXFileReference; fileEncoding = 4; lastKnownFileType = sourcecode.swift; path = CategoryCell.swift; sourceTree = "<group>"; };
		08F6528B1DED57FD008A116D /* NoteCell.swift */ = {isa = PBXFileReference; fileEncoding = 4; lastKnownFileType = sourcecode.swift; path = NoteCell.swift; sourceTree = "<group>"; };
		08F6528D1DED5828008A116D /* DateCell.swift */ = {isa = PBXFileReference; fileEncoding = 4; lastKnownFileType = sourcecode.swift; path = DateCell.swift; sourceTree = "<group>"; };
		08F6528F1DED583D008A116D /* WalletCell.swift */ = {isa = PBXFileReference; fileEncoding = 4; lastKnownFileType = sourcecode.swift; path = WalletCell.swift; sourceTree = "<group>"; };
		08F652911DED585B008A116D /* LocationCell.swift */ = {isa = PBXFileReference; fileEncoding = 4; lastKnownFileType = sourcecode.swift; path = LocationCell.swift; sourceTree = "<group>"; };
		08F652931DED586A008A116D /* PhotoCell.swift */ = {isa = PBXFileReference; fileEncoding = 4; lastKnownFileType = sourcecode.swift; path = PhotoCell.swift; sourceTree = "<group>"; };
		08F652951DED5F2E008A116D /* EmptyCell.swift */ = {isa = PBXFileReference; fileEncoding = 4; lastKnownFileType = sourcecode.swift; path = EmptyCell.swift; sourceTree = "<group>"; };
		08F652971DED5F3F008A116D /* EmptyCell1.swift */ = {isa = PBXFileReference; fileEncoding = 4; lastKnownFileType = sourcecode.swift; path = EmptyCell1.swift; sourceTree = "<group>"; };
		08F652991DED5F48008A116D /* EmptyCell2.swift */ = {isa = PBXFileReference; fileEncoding = 4; lastKnownFileType = sourcecode.swift; path = EmptyCell2.swift; sourceTree = "<group>"; };
		08F6529B1DED5F51008A116D /* EmptyCell3.swift */ = {isa = PBXFileReference; fileEncoding = 4; lastKnownFileType = sourcecode.swift; path = EmptyCell3.swift; sourceTree = "<group>"; };
		08F6529D1DED5F5A008A116D /* EmptyCell4.swift */ = {isa = PBXFileReference; fileEncoding = 4; lastKnownFileType = sourcecode.swift; path = EmptyCell4.swift; sourceTree = "<group>"; };
		142D3F521DE58C40007E2C77 /* SplashScreen.swift */ = {isa = PBXFileReference; fileEncoding = 4; lastKnownFileType = sourcecode.swift; path = SplashScreen.swift; sourceTree = "<group>"; };
		144FEF561DE6C13D0078BAB4 /* GoogleService-Info.plist */ = {isa = PBXFileReference; fileEncoding = 4; lastKnownFileType = text.plist.xml; path = "GoogleService-Info.plist"; sourceTree = "<group>"; };
		144FEF581DE6C76C0078BAB4 /* MoneyLover.entitlements */ = {isa = PBXFileReference; lastKnownFileType = text.plist.entitlements; path = MoneyLover.entitlements; sourceTree = "<group>"; };
		144FEF591DE6C88E0078BAB4 /* LoadingIndicatorView.swift */ = {isa = PBXFileReference; fileEncoding = 4; lastKnownFileType = sourcecode.swift; path = LoadingIndicatorView.swift; sourceTree = "<group>"; };
		145935691DE674B6004BC748 /* RegisterViewController.swift */ = {isa = PBXFileReference; fileEncoding = 4; lastKnownFileType = sourcecode.swift; path = RegisterViewController.swift; sourceTree = "<group>"; };
		1459356B1DE68A1D004BC748 /* CustomView.swift */ = {isa = PBXFileReference; lastKnownFileType = sourcecode.swift; path = CustomView.swift; sourceTree = "<group>"; };
		1459356D1DE68A82004BC748 /* Category+CoreDataClass.swift */ = {isa = PBXFileReference; fileEncoding = 4; lastKnownFileType = sourcecode.swift; path = "Category+CoreDataClass.swift"; sourceTree = "<group>"; };
		1459356E1DE68A82004BC748 /* Category+CoreDataProperties.swift */ = {isa = PBXFileReference; fileEncoding = 4; lastKnownFileType = sourcecode.swift; path = "Category+CoreDataProperties.swift"; sourceTree = "<group>"; };
		1459356F1DE68A82004BC748 /* Transaction+CoreDataClass.swift */ = {isa = PBXFileReference; fileEncoding = 4; lastKnownFileType = sourcecode.swift; path = "Transaction+CoreDataClass.swift"; sourceTree = "<group>"; };
		145935701DE68A82004BC748 /* Transaction+CoreDataProperties.swift */ = {isa = PBXFileReference; fileEncoding = 4; lastKnownFileType = sourcecode.swift; path = "Transaction+CoreDataProperties.swift"; sourceTree = "<group>"; };
		145935711DE68A82004BC748 /* User+CoreDataClass.swift */ = {isa = PBXFileReference; fileEncoding = 4; lastKnownFileType = sourcecode.swift; path = "User+CoreDataClass.swift"; sourceTree = "<group>"; };
		145935721DE68A82004BC748 /* User+CoreDataProperties.swift */ = {isa = PBXFileReference; fileEncoding = 4; lastKnownFileType = sourcecode.swift; path = "User+CoreDataProperties.swift"; sourceTree = "<group>"; };
		145935731DE68A82004BC748 /* Wallet+CoreDataClass.swift */ = {isa = PBXFileReference; fileEncoding = 4; lastKnownFileType = sourcecode.swift; path = "Wallet+CoreDataClass.swift"; sourceTree = "<group>"; };
		145935741DE68A82004BC748 /* Wallet+CoreDataProperties.swift */ = {isa = PBXFileReference; fileEncoding = 4; lastKnownFileType = sourcecode.swift; path = "Wallet+CoreDataProperties.swift"; sourceTree = "<group>"; };
		14DA31061DE41B9D003D8390 /* MoneyLover.app */ = {isa = PBXFileReference; explicitFileType = wrapper.application; includeInIndex = 0; path = MoneyLover.app; sourceTree = BUILT_PRODUCTS_DIR; };
		14DA31181DE41B9D003D8390 /* Info.plist */ = {isa = PBXFileReference; lastKnownFileType = text.plist.xml; path = Info.plist; sourceTree = "<group>"; };
		14DA31201DE41EF7003D8390 /* AppDelegate.swift */ = {isa = PBXFileReference; fileEncoding = 4; lastKnownFileType = sourcecode.swift; path = AppDelegate.swift; sourceTree = "<group>"; };
		14DA31221DE41EF7003D8390 /* LoginViewController.swift */ = {isa = PBXFileReference; fileEncoding = 4; lastKnownFileType = sourcecode.swift; lineEnding = 0; path = LoginViewController.swift; sourceTree = "<group>"; };
		14DA31261DE41EF7003D8390 /* MoneyLover.xcdatamodel */ = {isa = PBXFileReference; lastKnownFileType = wrapper.xcdatamodel; path = MoneyLover.xcdatamodel; sourceTree = "<group>"; };
		14DA31281DE41EF7003D8390 /* Assets.xcassets */ = {isa = PBXFileReference; lastKnownFileType = folder.assetcatalog; path = Assets.xcassets; sourceTree = "<group>"; };
		14DA312B1DE41EF7003D8390 /* Base */ = {isa = PBXFileReference; lastKnownFileType = file.storyboard; name = Base; path = Base.lproj/LaunchScreen.storyboard; sourceTree = "<group>"; };
		14DA312D1DE41EF7003D8390 /* Base */ = {isa = PBXFileReference; lastKnownFileType = file.storyboard; name = Base; path = Base.lproj/Login.storyboard; sourceTree = "<group>"; };
		21C2614A347F59FD0DBA8BFB /* Pods-MoneyLover.release.xcconfig */ = {isa = PBXFileReference; includeInIndex = 1; lastKnownFileType = text.xcconfig; name = "Pods-MoneyLover.release.xcconfig"; path = "Pods/Target Support Files/Pods-MoneyLover/Pods-MoneyLover.release.xcconfig"; sourceTree = "<group>"; };
		8DDE7869D720B13C5232327D /* Pods-MoneyLover.debug.xcconfig */ = {isa = PBXFileReference; includeInIndex = 1; lastKnownFileType = text.xcconfig; name = "Pods-MoneyLover.debug.xcconfig"; path = "Pods/Target Support Files/Pods-MoneyLover/Pods-MoneyLover.debug.xcconfig"; sourceTree = "<group>"; };
		A83E6E1E1DEC7D260075D90E /* CustomUICorlor.swift */ = {isa = PBXFileReference; fileEncoding = 4; lastKnownFileType = sourcecode.swift; path = CustomUICorlor.swift; sourceTree = "<group>"; };
		CAE78369883E11E8330BD0E1 /* Pods_MoneyLover.framework */ = {isa = PBXFileReference; explicitFileType = wrapper.framework; includeInIndex = 0; path = Pods_MoneyLover.framework; sourceTree = BUILT_PRODUCTS_DIR; };
/* End PBXFileReference section */

/* Begin PBXFrameworksBuildPhase section */
		14DA31031DE41B9D003D8390 /* Frameworks */ = {
			isa = PBXFrameworksBuildPhase;
			buildActionMask = 2147483647;
			files = (
				63B5A25958366B30C7FBC38B /* Pods_MoneyLover.framework in Frameworks */,
			);
			runOnlyForDeploymentPostprocessing = 0;
		};
/* End PBXFrameworksBuildPhase section */

/* Begin PBXGroup section */
		08F652821DED5780008A116D /* CellViewTransaction */ = {
			isa = PBXGroup;
			children = (
				08F652851DED5780008A116D /* AmountCell.swift */,
				08F652861DED5780008A116D /* CategoryCell.swift */,
				08F6528B1DED57FD008A116D /* NoteCell.swift */,
				08F6528D1DED5828008A116D /* DateCell.swift */,
				08F6528F1DED583D008A116D /* WalletCell.swift */,
				08F652911DED585B008A116D /* LocationCell.swift */,
				08F652931DED586A008A116D /* PhotoCell.swift */,
				08F652951DED5F2E008A116D /* EmptyCell.swift */,
				08F652971DED5F3F008A116D /* EmptyCell1.swift */,
				08F652991DED5F48008A116D /* EmptyCell2.swift */,
				08F6529B1DED5F51008A116D /* EmptyCell3.swift */,
				08F6529D1DED5F5A008A116D /* EmptyCell4.swift */,
			);
			path = CellViewTransaction;
			sourceTree = "<group>";
		};
		14DA30FD1DE41B9D003D8390 = {
			isa = PBXGroup;
			children = (
				14DA31081DE41B9D003D8390 /* MoneyLover */,
				14DA31071DE41B9D003D8390 /* Products */,
				926F298CC96A3E20B7EAACC9 /* Pods */,
				4B854FA15A83D68AB11E7322 /* Frameworks */,
			);
			sourceTree = "<group>";
		};
		14DA31071DE41B9D003D8390 /* Products */ = {
			isa = PBXGroup;
			children = (
				14DA31061DE41B9D003D8390 /* MoneyLover.app */,
			);
			name = Products;
			sourceTree = "<group>";
		};
		14DA31081DE41B9D003D8390 /* MoneyLover */ = {
			isa = PBXGroup;
			children = (
				144FEF581DE6C76C0078BAB4 /* MoneyLover.entitlements */,
				14DA311F1DE41EF7003D8390 /* AppDelegate */,
				14DA31211DE41EF7003D8390 /* Controllers */,
				14DA31231DE41EF7003D8390 /* Models */,
				14DA31271DE41EF7003D8390 /* Resources */,
				14DA31291DE41EF7003D8390 /* Storyboards */,
				14DA312E1DE41EF7003D8390 /* Utils */,
				14DA312F1DE41EF7003D8390 /* Views */,
				14DA31181DE41B9D003D8390 /* Info.plist */,
				144FEF561DE6C13D0078BAB4 /* GoogleService-Info.plist */,
			);
			path = MoneyLover;
			sourceTree = "<group>";
		};
		14DA311F1DE41EF7003D8390 /* AppDelegate */ = {
			isa = PBXGroup;
			children = (
				14DA31201DE41EF7003D8390 /* AppDelegate.swift */,
			);
			path = AppDelegate;
			sourceTree = "<group>";
		};
		14DA31211DE41EF7003D8390 /* Controllers */ = {
			isa = PBXGroup;
			children = (
				14DA31221DE41EF7003D8390 /* LoginViewController.swift */,
				145935691DE674B6004BC748 /* RegisterViewController.swift */,
				089491581DEBD3BA00619E11 /* AddTransactionViewController.swift */,
			);
			path = Controllers;
			sourceTree = "<group>";
		};
		14DA31231DE41EF7003D8390 /* Models */ = {
			isa = PBXGroup;
			children = (
				14DA31241DE41EF7003D8390 /* Coredata */,
				142D3F521DE58C40007E2C77 /* SplashScreen.swift */,
				0890DCE81DE6C1ED007FD3B5 /* DataStored.swift */,
				0890DCE61DE6C1AB007FD3B5 /* CoreDataManager.swift */,
				0890DCEC1DE6EF35007FD3B5 /* UserManager.swift */,
				089491601DEC122600619E11 /* ViewAddTransaction.swift */,
			);
			path = Models;
			sourceTree = "<group>";
		};
		14DA31241DE41EF7003D8390 /* Coredata */ = {
			isa = PBXGroup;
			children = (
				1459356D1DE68A82004BC748 /* Category+CoreDataClass.swift */,
				1459356E1DE68A82004BC748 /* Category+CoreDataProperties.swift */,
				1459356F1DE68A82004BC748 /* Transaction+CoreDataClass.swift */,
				145935701DE68A82004BC748 /* Transaction+CoreDataProperties.swift */,
				145935711DE68A82004BC748 /* User+CoreDataClass.swift */,
				145935721DE68A82004BC748 /* User+CoreDataProperties.swift */,
				145935731DE68A82004BC748 /* Wallet+CoreDataClass.swift */,
				145935741DE68A82004BC748 /* Wallet+CoreDataProperties.swift */,
				14DA31251DE41EF7003D8390 /* MoneyLover.xcdatamodeld */,
			);
			path = Coredata;
			sourceTree = "<group>";
		};
		14DA31271DE41EF7003D8390 /* Resources */ = {
			isa = PBXGroup;
			children = (
				14DA31281DE41EF7003D8390 /* Assets.xcassets */,
			);
			path = Resources;
			sourceTree = "<group>";
		};
		14DA31291DE41EF7003D8390 /* Storyboards */ = {
			isa = PBXGroup;
			children = (
				14DA312A1DE41EF7003D8390 /* LaunchScreen.storyboard */,
				14DA312C1DE41EF7003D8390 /* Login.storyboard */,
				089491561DEBD35A00619E11 /* AddTransaction.storyboard */,
			);
			path = Storyboards;
			sourceTree = "<group>";
		};
		14DA312E1DE41EF7003D8390 /* Utils */ = {
			isa = PBXGroup;
			children = (
				0890DCEA1DE6C2BF007FD3B5 /* CheckValidateTextField.swift */,
				1459356B1DE68A1D004BC748 /* CustomView.swift */,
				089491621DEC28F800619E11 /* CustomDate.swift */,
				A83E6E1E1DEC7D260075D90E /* CustomUICorlor.swift */,
			);
			path = Utils;
			sourceTree = "<group>";
		};
		14DA312F1DE41EF7003D8390 /* Views */ = {
			isa = PBXGroup;
			children = (
				08F652821DED5780008A116D /* CellViewTransaction */,
				144FEF591DE6C88E0078BAB4 /* LoadingIndicatorView.swift */,
			);
			path = Views;
			sourceTree = "<group>";
		};
		4B854FA15A83D68AB11E7322 /* Frameworks */ = {
			isa = PBXGroup;
			children = (
				CAE78369883E11E8330BD0E1 /* Pods_MoneyLover.framework */,
			);
			name = Frameworks;
			sourceTree = "<group>";
		};
		926F298CC96A3E20B7EAACC9 /* Pods */ = {
			isa = PBXGroup;
			children = (
				8DDE7869D720B13C5232327D /* Pods-MoneyLover.debug.xcconfig */,
				21C2614A347F59FD0DBA8BFB /* Pods-MoneyLover.release.xcconfig */,
			);
			name = Pods;
			sourceTree = "<group>";
		};
/* End PBXGroup section */

/* Begin PBXNativeTarget section */
		14DA31051DE41B9D003D8390 /* MoneyLover */ = {
			isa = PBXNativeTarget;
			buildConfigurationList = 14DA311B1DE41B9D003D8390 /* Build configuration list for PBXNativeTarget "MoneyLover" */;
			buildPhases = (
				F15172476F5B47E99C50CD0F /* [CP] Check Pods Manifest.lock */,
				14DA31021DE41B9D003D8390 /* Sources */,
				14DA31031DE41B9D003D8390 /* Frameworks */,
				14DA31041DE41B9D003D8390 /* Resources */,
				14DA311E1DE41DDF003D8390 /* ShellScript */,
				384E9AD6881C8ACEDE8EC5A1 /* [CP] Embed Pods Frameworks */,
				FAA880D784F89924CDD84EB1 /* [CP] Copy Pods Resources */,
			);
			buildRules = (
			);
			dependencies = (
			);
			name = MoneyLover;
			productName = MoneyLover;
			productReference = 14DA31061DE41B9D003D8390 /* MoneyLover.app */;
			productType = "com.apple.product-type.application";
		};
/* End PBXNativeTarget section */

/* Begin PBXProject section */
		14DA30FE1DE41B9D003D8390 /* Project object */ = {
			isa = PBXProject;
			attributes = {
				LastSwiftUpdateCheck = 0810;
				LastUpgradeCheck = 0810;
				ORGANIZATIONNAME = "Phùng Tùng";
				TargetAttributes = {
					14DA31051DE41B9D003D8390 = {
						CreatedOnToolsVersion = 8.1;
						LastSwiftMigration = 0810;
						ProvisioningStyle = Automatic;
						SystemCapabilities = {
							com.apple.Keychain = {
								enabled = 1;
							};
						};
					};
				};
			};
			buildConfigurationList = 14DA31011DE41B9D003D8390 /* Build configuration list for PBXProject "MoneyLover" */;
			compatibilityVersion = "Xcode 3.2";
			developmentRegion = English;
			hasScannedForEncodings = 0;
			knownRegions = (
				en,
				Base,
			);
			mainGroup = 14DA30FD1DE41B9D003D8390;
			productRefGroup = 14DA31071DE41B9D003D8390 /* Products */;
			projectDirPath = "";
			projectRoot = "";
			targets = (
				14DA31051DE41B9D003D8390 /* MoneyLover */,
			);
		};
/* End PBXProject section */

/* Begin PBXResourcesBuildPhase section */
		14DA31041DE41B9D003D8390 /* Resources */ = {
			isa = PBXResourcesBuildPhase;
			buildActionMask = 2147483647;
			files = (
				089491571DEBD35A00619E11 /* AddTransaction.storyboard in Resources */,
				14DA31381DE42051003D8390 /* Login.storyboard in Resources */,
				144FEF571DE6C13D0078BAB4 /* GoogleService-Info.plist in Resources */,
				14DA31371DE4204D003D8390 /* LaunchScreen.storyboard in Resources */,
				14DA31361DE42048003D8390 /* Assets.xcassets in Resources */,
			);
			runOnlyForDeploymentPostprocessing = 0;
		};
/* End PBXResourcesBuildPhase section */

/* Begin PBXShellScriptBuildPhase section */
		14DA311E1DE41DDF003D8390 /* ShellScript */ = {
			isa = PBXShellScriptBuildPhase;
			buildActionMask = 2147483647;
			files = (
			);
			inputPaths = (
			);
			outputPaths = (
			);
			runOnlyForDeploymentPostprocessing = 0;
			shellPath = /bin/sh;
			shellScript = "if which swiftlint >/dev/null; then\nswiftlint\nelse\necho \"warning: SwiftLint not installed, download from https://github.com/realm/SwiftLint\"\nfi";
		};
		384E9AD6881C8ACEDE8EC5A1 /* [CP] Embed Pods Frameworks */ = {
			isa = PBXShellScriptBuildPhase;
			buildActionMask = 2147483647;
			files = (
			);
			inputPaths = (
			);
			name = "[CP] Embed Pods Frameworks";
			outputPaths = (
			);
			runOnlyForDeploymentPostprocessing = 0;
			shellPath = /bin/sh;
			shellScript = "\"${SRCROOT}/Pods/Target Support Files/Pods-MoneyLover/Pods-MoneyLover-frameworks.sh\"\n";
			showEnvVarsInLog = 0;
		};
		F15172476F5B47E99C50CD0F /* [CP] Check Pods Manifest.lock */ = {
			isa = PBXShellScriptBuildPhase;
			buildActionMask = 2147483647;
			files = (
			);
			inputPaths = (
			);
			name = "[CP] Check Pods Manifest.lock";
			outputPaths = (
			);
			runOnlyForDeploymentPostprocessing = 0;
			shellPath = /bin/sh;
			shellScript = "diff \"${PODS_ROOT}/../Podfile.lock\" \"${PODS_ROOT}/Manifest.lock\" > /dev/null\nif [ $? != 0 ] ; then\n    # print error to STDERR\n    echo \"error: The sandbox is not in sync with the Podfile.lock. Run 'pod install' or update your CocoaPods installation.\" >&2\n    exit 1\nfi\n";
			showEnvVarsInLog = 0;
		};
		FAA880D784F89924CDD84EB1 /* [CP] Copy Pods Resources */ = {
			isa = PBXShellScriptBuildPhase;
			buildActionMask = 2147483647;
			files = (
			);
			inputPaths = (
			);
			name = "[CP] Copy Pods Resources";
			outputPaths = (
			);
			runOnlyForDeploymentPostprocessing = 0;
			shellPath = /bin/sh;
			shellScript = "\"${SRCROOT}/Pods/Target Support Files/Pods-MoneyLover/Pods-MoneyLover-resources.sh\"\n";
			showEnvVarsInLog = 0;
		};
/* End PBXShellScriptBuildPhase section */

/* Begin PBXSourcesBuildPhase section */
		14DA31021DE41B9D003D8390 /* Sources */ = {
			isa = PBXSourcesBuildPhase;
			buildActionMask = 2147483647;
			files = (
				0890DCED1DE6EF35007FD3B5 /* UserManager.swift in Sources */,
				08F652981DED5F3F008A116D /* EmptyCell1.swift in Sources */,
				1459357B1DE68A82004BC748 /* Wallet+CoreDataClass.swift in Sources */,
				145935781DE68A82004BC748 /* Transaction+CoreDataProperties.swift in Sources */,
				1459356C1DE68A1D004BC748 /* CustomView.swift in Sources */,
				0890DCEB1DE6C2BF007FD3B5 /* CheckValidateTextField.swift in Sources */,
				08F652921DED585B008A116D /* LocationCell.swift in Sources */,
				0890DCE71DE6C1AB007FD3B5 /* CoreDataManager.swift in Sources */,
				1459357A1DE68A82004BC748 /* User+CoreDataProperties.swift in Sources */,
				08F6529E1DED5F5A008A116D /* EmptyCell4.swift in Sources */,
				089491591DEBD3BA00619E11 /* AddTransactionViewController.swift in Sources */,
				A83E6E1F1DEC7D260075D90E /* CustomUICorlor.swift in Sources */,
				08F6529A1DED5F48008A116D /* EmptyCell2.swift in Sources */,
				1459357C1DE68A82004BC748 /* Wallet+CoreDataProperties.swift in Sources */,
				0890DCE91DE6C1ED007FD3B5 /* DataStored.swift in Sources */,
				14DA31311DE41EF7003D8390 /* LoginViewController.swift in Sources */,
				08F6528A1DED5780008A116D /* CategoryCell.swift in Sources */,
				144FEF5A1DE6C88E0078BAB4 /* LoadingIndicatorView.swift in Sources */,
				145935751DE68A82004BC748 /* Category+CoreDataClass.swift in Sources */,
				142D3F531DE58C40007E2C77 /* SplashScreen.swift in Sources */,
				089491631DEC28F800619E11 /* CustomDate.swift in Sources */,
				08F652901DED583D008A116D /* WalletCell.swift in Sources */,
				145935771DE68A82004BC748 /* Transaction+CoreDataClass.swift in Sources */,
				08F652891DED5780008A116D /* AmountCell.swift in Sources */,
				14DA31301DE41EF7003D8390 /* AppDelegate.swift in Sources */,
				089491611DEC122600619E11 /* ViewAddTransaction.swift in Sources */,
				08F652941DED586A008A116D /* PhotoCell.swift in Sources */,
				08F652961DED5F2E008A116D /* EmptyCell.swift in Sources */,
				1459356A1DE674B6004BC748 /* RegisterViewController.swift in Sources */,
				08F6528E1DED5828008A116D /* DateCell.swift in Sources */,
				145935791DE68A82004BC748 /* User+CoreDataClass.swift in Sources */,
				08F6528C1DED57FD008A116D /* NoteCell.swift in Sources */,
				08F6529C1DED5F51008A116D /* EmptyCell3.swift in Sources */,
				14DA31321DE41EF7003D8390 /* MoneyLover.xcdatamodeld in Sources */,
				145935761DE68A82004BC748 /* Category+CoreDataProperties.swift in Sources */,
			);
			runOnlyForDeploymentPostprocessing = 0;
		};
/* End PBXSourcesBuildPhase section */

/* Begin PBXVariantGroup section */
		14DA312A1DE41EF7003D8390 /* LaunchScreen.storyboard */ = {
			isa = PBXVariantGroup;
			children = (
				14DA312B1DE41EF7003D8390 /* Base */,
			);
			name = LaunchScreen.storyboard;
			sourceTree = "<group>";
		};
		14DA312C1DE41EF7003D8390 /* Login.storyboard */ = {
			isa = PBXVariantGroup;
			children = (
				14DA312D1DE41EF7003D8390 /* Base */,
			);
			name = Login.storyboard;
			sourceTree = "<group>";
		};
/* End PBXVariantGroup section */

/* Begin XCBuildConfiguration section */
		14DA31191DE41B9D003D8390 /* Debug */ = {
			isa = XCBuildConfiguration;
			buildSettings = {
				ALWAYS_SEARCH_USER_PATHS = NO;
				CLANG_ANALYZER_NONNULL = YES;
				CLANG_CXX_LANGUAGE_STANDARD = "gnu++0x";
				CLANG_CXX_LIBRARY = "libc++";
				CLANG_ENABLE_MODULES = YES;
				CLANG_ENABLE_OBJC_ARC = YES;
				CLANG_WARN_BOOL_CONVERSION = YES;
				CLANG_WARN_CONSTANT_CONVERSION = YES;
				CLANG_WARN_DIRECT_OBJC_ISA_USAGE = YES_ERROR;
				CLANG_WARN_DOCUMENTATION_COMMENTS = YES;
				CLANG_WARN_EMPTY_BODY = YES;
				CLANG_WARN_ENUM_CONVERSION = YES;
				CLANG_WARN_INFINITE_RECURSION = YES;
				CLANG_WARN_INT_CONVERSION = YES;
				CLANG_WARN_OBJC_ROOT_CLASS = YES_ERROR;
				CLANG_WARN_SUSPICIOUS_MOVE = YES;
				CLANG_WARN_SUSPICIOUS_MOVES = YES;
				CLANG_WARN_UNREACHABLE_CODE = YES;
				CLANG_WARN__DUPLICATE_METHOD_MATCH = YES;
				"CODE_SIGN_IDENTITY[sdk=iphoneos*]" = "iPhone Developer";
				COPY_PHASE_STRIP = NO;
				DEBUG_INFORMATION_FORMAT = dwarf;
				ENABLE_STRICT_OBJC_MSGSEND = YES;
				ENABLE_TESTABILITY = YES;
				GCC_C_LANGUAGE_STANDARD = gnu99;
				GCC_DYNAMIC_NO_PIC = NO;
				GCC_NO_COMMON_BLOCKS = YES;
				GCC_OPTIMIZATION_LEVEL = 0;
				GCC_PREPROCESSOR_DEFINITIONS = (
					"DEBUG=1",
					"$(inherited)",
				);
				GCC_WARN_64_TO_32_BIT_CONVERSION = YES;
				GCC_WARN_ABOUT_RETURN_TYPE = YES_ERROR;
				GCC_WARN_UNDECLARED_SELECTOR = YES;
				GCC_WARN_UNINITIALIZED_AUTOS = YES_AGGRESSIVE;
				GCC_WARN_UNUSED_FUNCTION = YES;
				GCC_WARN_UNUSED_VARIABLE = YES;
				IPHONEOS_DEPLOYMENT_TARGET = 10.1;
				MTL_ENABLE_DEBUG_INFO = YES;
				ONLY_ACTIVE_ARCH = YES;
				SDKROOT = iphoneos;
				SWIFT_ACTIVE_COMPILATION_CONDITIONS = DEBUG;
				SWIFT_OPTIMIZATION_LEVEL = "-Onone";
				TARGETED_DEVICE_FAMILY = "1,2";
			};
			name = Debug;
		};
		14DA311A1DE41B9D003D8390 /* Release */ = {
			isa = XCBuildConfiguration;
			buildSettings = {
				ALWAYS_SEARCH_USER_PATHS = NO;
				CLANG_ANALYZER_NONNULL = YES;
				CLANG_CXX_LANGUAGE_STANDARD = "gnu++0x";
				CLANG_CXX_LIBRARY = "libc++";
				CLANG_ENABLE_MODULES = YES;
				CLANG_ENABLE_OBJC_ARC = YES;
				CLANG_WARN_BOOL_CONVERSION = YES;
				CLANG_WARN_CONSTANT_CONVERSION = YES;
				CLANG_WARN_DIRECT_OBJC_ISA_USAGE = YES_ERROR;
				CLANG_WARN_DOCUMENTATION_COMMENTS = YES;
				CLANG_WARN_EMPTY_BODY = YES;
				CLANG_WARN_ENUM_CONVERSION = YES;
				CLANG_WARN_INFINITE_RECURSION = YES;
				CLANG_WARN_INT_CONVERSION = YES;
				CLANG_WARN_OBJC_ROOT_CLASS = YES_ERROR;
				CLANG_WARN_SUSPICIOUS_MOVE = YES;
				CLANG_WARN_SUSPICIOUS_MOVES = YES;
				CLANG_WARN_UNREACHABLE_CODE = YES;
				CLANG_WARN__DUPLICATE_METHOD_MATCH = YES;
				"CODE_SIGN_IDENTITY[sdk=iphoneos*]" = "iPhone Developer";
				COPY_PHASE_STRIP = NO;
				DEBUG_INFORMATION_FORMAT = "dwarf-with-dsym";
				ENABLE_NS_ASSERTIONS = NO;
				ENABLE_STRICT_OBJC_MSGSEND = YES;
				GCC_C_LANGUAGE_STANDARD = gnu99;
				GCC_NO_COMMON_BLOCKS = YES;
				GCC_WARN_64_TO_32_BIT_CONVERSION = YES;
				GCC_WARN_ABOUT_RETURN_TYPE = YES_ERROR;
				GCC_WARN_UNDECLARED_SELECTOR = YES;
				GCC_WARN_UNINITIALIZED_AUTOS = YES_AGGRESSIVE;
				GCC_WARN_UNUSED_FUNCTION = YES;
				GCC_WARN_UNUSED_VARIABLE = YES;
				IPHONEOS_DEPLOYMENT_TARGET = 10.1;
				MTL_ENABLE_DEBUG_INFO = NO;
				SDKROOT = iphoneos;
				SWIFT_OPTIMIZATION_LEVEL = "-Owholemodule";
				TARGETED_DEVICE_FAMILY = "1,2";
				VALIDATE_PRODUCT = YES;
			};
			name = Release;
		};
		14DA311C1DE41B9D003D8390 /* Debug */ = {
			isa = XCBuildConfiguration;
			baseConfigurationReference = 8DDE7869D720B13C5232327D /* Pods-MoneyLover.debug.xcconfig */;
			buildSettings = {
				ASSETCATALOG_COMPILER_APPICON_NAME = AppIcon;
				CODE_SIGN_ENTITLEMENTS = MoneyLover/MoneyLover.entitlements;
				DEVELOPMENT_TEAM = "";
				INFOPLIST_FILE = MoneyLover/Info.plist;
				IPHONEOS_DEPLOYMENT_TARGET = 10.1;
				LD_RUNPATH_SEARCH_PATHS = "$(inherited) @executable_path/Frameworks";
				PRODUCT_BUNDLE_IDENTIFIER = Framgia.MoneyLover;
				PRODUCT_NAME = "$(TARGET_NAME)";
				SWIFT_VERSION = 2.3;
			};
			name = Debug;
		};
		14DA311D1DE41B9D003D8390 /* Release */ = {
			isa = XCBuildConfiguration;
			baseConfigurationReference = 21C2614A347F59FD0DBA8BFB /* Pods-MoneyLover.release.xcconfig */;
			buildSettings = {
				ASSETCATALOG_COMPILER_APPICON_NAME = AppIcon;
				CODE_SIGN_ENTITLEMENTS = MoneyLover/MoneyLover.entitlements;
				DEVELOPMENT_TEAM = "";
				INFOPLIST_FILE = MoneyLover/Info.plist;
				IPHONEOS_DEPLOYMENT_TARGET = 10.1;
				LD_RUNPATH_SEARCH_PATHS = "$(inherited) @executable_path/Frameworks";
				PRODUCT_BUNDLE_IDENTIFIER = Framgia.MoneyLover;
				PRODUCT_NAME = "$(TARGET_NAME)";
				SWIFT_VERSION = 2.3;
			};
			name = Release;
		};
/* End XCBuildConfiguration section */

/* Begin XCConfigurationList section */
		14DA31011DE41B9D003D8390 /* Build configuration list for PBXProject "MoneyLover" */ = {
			isa = XCConfigurationList;
			buildConfigurations = (
				14DA31191DE41B9D003D8390 /* Debug */,
				14DA311A1DE41B9D003D8390 /* Release */,
			);
			defaultConfigurationIsVisible = 0;
			defaultConfigurationName = Release;
		};
		14DA311B1DE41B9D003D8390 /* Build configuration list for PBXNativeTarget "MoneyLover" */ = {
			isa = XCConfigurationList;
			buildConfigurations = (
				14DA311C1DE41B9D003D8390 /* Debug */,
				14DA311D1DE41B9D003D8390 /* Release */,
			);
			defaultConfigurationIsVisible = 0;
			defaultConfigurationName = Release;
		};
/* End XCConfigurationList section */

/* Begin XCVersionGroup section */
		14DA31251DE41EF7003D8390 /* MoneyLover.xcdatamodeld */ = {
			isa = XCVersionGroup;
			children = (
				14DA31261DE41EF7003D8390 /* MoneyLover.xcdatamodel */,
			);
			currentVersion = 14DA31261DE41EF7003D8390 /* MoneyLover.xcdatamodel */;
			path = MoneyLover.xcdatamodeld;
			sourceTree = "<group>";
			versionGroupType = wrapper.xcdatamodel;
		};
/* End XCVersionGroup section */
	};
	rootObject = 14DA30FE1DE41B9D003D8390 /* Project object */;
}
